
Microsoft Visual Studio Solution File, Format Version 12.00
# Visual Studio Version 16
VisualStudioVersion = 16.0.28729.10
MinimumVisualStudioVersion = 10.0.40219.1
Project("{FAE04EC0-301F-11D3-BF4B-00C04F79EFBC}") = "mpv.net", "mpv.net\mpv.net.csproj", "{1751F378-8EDF-4B62-BE6D-304C7C287089}"
EndProject
Project("{FAE04EC0-301F-11D3-BF4B-00C04F79EFBC}") = "RatingExtension", "extensions\RatingExtension\RatingExtension.csproj", "{55C88710-539D-4402-84C8-31694841C731}"
EndProject
Project("{FAE04EC0-301F-11D3-BF4B-00C04F79EFBC}") = "ScriptingExtension", "extensions\ScriptingExtension\ScriptingExtension.csproj", "{94255EF2-C823-4D82-9017-0E993CC0F5A1}"
EndProject
Global
	GlobalSection(SolutionConfigurationPlatforms) = preSolution
		Debug|x64 = Debug|x64
		Debug|x86 = Debug|x86
		Release|x64 = Release|x64
		Release|x86 = Release|x86
	EndGlobalSection
	GlobalSection(ProjectConfigurationPlatforms) = postSolution
		{1751F378-8EDF-4B62-BE6D-304C7C287089}.Debug|x64.ActiveCfg = Debug|x64
		{1751F378-8EDF-4B62-BE6D-304C7C287089}.Debug|x64.Build.0 = Debug|x64
		{1751F378-8EDF-4B62-BE6D-304C7C287089}.Debug|x86.ActiveCfg = Debug|x86
		{1751F378-8EDF-4B62-BE6D-304C7C287089}.Debug|x86.Build.0 = Debug|x86
		{1751F378-8EDF-4B62-BE6D-304C7C287089}.Release|x64.ActiveCfg = Release|x64
		{1751F378-8EDF-4B62-BE6D-304C7C287089}.Release|x64.Build.0 = Release|x64
		{1751F378-8EDF-4B62-BE6D-304C7C287089}.Release|x86.ActiveCfg = Release|x86
		{1751F378-8EDF-4B62-BE6D-304C7C287089}.Release|x86.Build.0 = Release|x86
		{55C88710-539D-4402-84C8-31694841C731}.Debug|x64.ActiveCfg = Debug|x64
		{55C88710-539D-4402-84C8-31694841C731}.Debug|x64.Build.0 = Debug|x64
		{55C88710-539D-4402-84C8-31694841C731}.Debug|x86.ActiveCfg = Debug|x86
		{55C88710-539D-4402-84C8-31694841C731}.Debug|x86.Build.0 = Debug|x86
		{55C88710-539D-4402-84C8-31694841C731}.Release|x64.ActiveCfg = Release|x64
		{55C88710-539D-4402-84C8-31694841C731}.Release|x64.Build.0 = Release|x64
		{55C88710-539D-4402-84C8-31694841C731}.Release|x86.ActiveCfg = Release|x86
		{55C88710-539D-4402-84C8-31694841C731}.Release|x86.Build.0 = Release|x86
		{94255EF2-C823-4D82-9017-0E993CC0F5A1}.Debug|x64.ActiveCfg = Debug|x64
		{94255EF2-C823-4D82-9017-0E993CC0F5A1}.Debug|x64.Build.0 = Debug|x64
		{94255EF2-C823-4D82-9017-0E993CC0F5A1}.Debug|x86.ActiveCfg = Debug|x86
		{94255EF2-C823-4D82-9017-0E993CC0F5A1}.Debug|x86.Build.0 = Debug|x86
		{94255EF2-C823-4D82-9017-0E993CC0F5A1}.Release|x64.ActiveCfg = Release|x64
		{94255EF2-C823-4D82-9017-0E993CC0F5A1}.Release|x64.Build.0 = Release|x64
		{94255EF2-C823-4D82-9017-0E993CC0F5A1}.Release|x86.ActiveCfg = Release|x86
		{94255EF2-C823-4D82-9017-0E993CC0F5A1}.Release|x86.Build.0 = Release|x86
	EndGlobalSection
	GlobalSection(SolutionProperties) = preSolution
		HideSolutionNode = FALSE
	EndGlobalSection
	GlobalSection(ExtensibilityGlobals) = postSolution
		SolutionGuid = {8DE9E796-619E-44B8-9576-F4DE028701BF}
	EndGlobalSection
EndGlobal
