
Microsoft Visual Studio Solution File, Format Version 12.00
# Visual Studio Version 16
VisualStudioVersion = 16.0.28714.193
MinimumVisualStudioVersion = 10.0.40219.1
Project("{FAE04EC0-301F-11D3-BF4B-00C04F79EFBC}") = "mpvSettingsEditor", "mpvSettingsEditor.csproj", "{C4FEAA45-001D-4DC8-8BFA-621527326D09}"
EndProject
Global
	GlobalSection(SolutionConfigurationPlatforms) = preSolution
		Debug|Any CPU = Debug|Any CPU
		Release|Any CPU = Release|Any CPU
	EndGlobalSection
	GlobalSection(ProjectConfigurationPlatforms) = postSolution
		{C4FEAA45-001D-4DC8-8BFA-621527326D09}.Debug|Any CPU.ActiveCfg = Debug|Any CPU
		{C4FEAA45-001D-4DC8-8BFA-621527326D09}.Debug|Any CPU.Build.0 = Debug|Any CPU
		{C4FEAA45-001D-4DC8-8BFA-621527326D09}.Release|Any CPU.ActiveCfg = Release|Any CPU
		{C4FEAA45-001D-4DC8-8BFA-621527326D09}.Release|Any CPU.Build.0 = Release|Any CPU
	EndGlobalSection
	GlobalSection(SolutionProperties) = preSolution
		HideSolutionNode = FALSE
	EndGlobalSection
	GlobalSection(ExtensibilityGlobals) = postSolution
		SolutionGuid = {959F2890-E1FC-47A2-856C-A42F8C955D15}
	EndGlobalSection
EndGlobal
