
Microsoft Visual Studio Solution File, Format Version 12.00
# Visual Studio Version 17
VisualStudioVersion = 17.1.32228.430
MinimumVisualStudioVersion = 10.0.40219.1
Project("{FAE04EC0-301F-11D3-BF4B-00C04F79EFBC}") = "mpv.net", "mpv.net.csproj", "{1751F378-8EDF-4B62-BE6D-304C7C287089}"
EndProject
Project("{FAE04EC0-301F-11D3-BF4B-00C04F79EFBC}") = "RatingExtension", "extensions\RatingExtension\RatingExtension.csproj", "{55C88710-539D-4402-84C8-31694841C731}"
EndProject
Project("{2150E333-8FDC-42A3-9474-1A3956D46DE8}") = "Solution Items", "Solution Items", "{464E3334-1CF4-403B-92B3-06799AC5C60F}"
	ProjectSection(SolutionItems) = preProject
		.editorconfig = .editorconfig
	EndProjectSection
EndProject
Project("{C7167F0D-BC9F-4E6E-AFE1-012C56B48DB5}") = "mpv.net.package", "Package\mpv.net.package.wapproj", "{81DAEE3A-76FF-4494-9384-D28A651D70BB}"
EndProject
Global
	GlobalSection(SolutionConfigurationPlatforms) = preSolution
		Debug|Any CPU = Debug|Any CPU
		Release|Any CPU = Release|Any CPU
	EndGlobalSection
	GlobalSection(ProjectConfigurationPlatforms) = postSolution
		{1751F378-8EDF-4B62-BE6D-304C7C287089}.Debug|Any CPU.ActiveCfg = Debug|Any CPU
		{1751F378-8EDF-4B62-BE6D-304C7C287089}.Debug|Any CPU.Build.0 = Debug|Any CPU
		{1751F378-8EDF-4B62-BE6D-304C7C287089}.Release|Any CPU.ActiveCfg = Release|Any CPU
		{1751F378-8EDF-4B62-BE6D-304C7C287089}.Release|Any CPU.Build.0 = Release|Any CPU
		{55C88710-539D-4402-84C8-31694841C731}.Debug|Any CPU.ActiveCfg = Debug|Any CPU
		{55C88710-539D-4402-84C8-31694841C731}.Debug|Any CPU.Build.0 = Debug|Any CPU
		{55C88710-539D-4402-84C8-31694841C731}.Release|Any CPU.ActiveCfg = Release|Any CPU
		{55C88710-539D-4402-84C8-31694841C731}.Release|Any CPU.Build.0 = Release|Any CPU
		{81DAEE3A-76FF-4494-9384-D28A651D70BB}.Debug|Any CPU.ActiveCfg = Debug|Any CPU
		{81DAEE3A-76FF-4494-9384-D28A651D70BB}.Debug|Any CPU.Build.0 = Debug|Any CPU
		{81DAEE3A-76FF-4494-9384-D28A651D70BB}.Debug|Any CPU.Deploy.0 = Debug|Any CPU
		{81DAEE3A-76FF-4494-9384-D28A651D70BB}.Release|Any CPU.ActiveCfg = Release|Any CPU
		{81DAEE3A-76FF-4494-9384-D28A651D70BB}.Release|Any CPU.Build.0 = Release|Any CPU
		{81DAEE3A-76FF-4494-9384-D28A651D70BB}.Release|Any CPU.Deploy.0 = Release|Any CPU
	EndGlobalSection
	GlobalSection(SolutionProperties) = preSolution
		HideSolutionNode = FALSE
	EndGlobalSection
	GlobalSection(ExtensibilityGlobals) = postSolution
		SolutionGuid = {8DE9E796-619E-44B8-9576-F4DE028701BF}
	EndGlobalSection
EndGlobal
